
Microsoft Visual Studio Solution File, Format Version 12.00
# Visual Studio 2012
# Ranorex Studio 10.2.0
VisualStudioVersion = 12.0.20827.3
MinimumVisualStudioVersion = 10.0.40219.1
Project("{2150E333-8FDC-42A3-9474-1A3956D46DE8}") = "Solution Items", "Solution Items", "{CE2D3880-B8C2-4D07-A4A2-109F0014D9E1}"
	ProjectSection(SolutionItems) = postProject
		Ranorex = .\Ranorex.rxsettings
		RanorexLicenseManager = .\RanorexLicenseManager.lic
	EndProjectSection
EndProject
Project("{FAE04EC0-301F-11D3-BF4B-00C04F79EFBC}") = "TwoSimpleThings", "TwoSimpleThings\TwoSimpleThings.csproj", "{6439C3F1-5B14-4D8E-BF97-61A5E55FC87D}"
EndProject
Global
	GlobalSection(SolutionConfigurationPlatforms) = preSolution
		Debug|x86 = Debug|x86
		Release|x86 = Release|x86
	EndGlobalSection
	GlobalSection(ProjectConfigurationPlatforms) = postSolution
		{6439C3F1-5B14-4D8E-BF97-61A5E55FC87D}.Debug|x86.Build.0 = Debug|x86
		{6439C3F1-5B14-4D8E-BF97-61A5E55FC87D}.Debug|x86.ActiveCfg = Debug|x86
		{6439C3F1-5B14-4D8E-BF97-61A5E55FC87D}.Release|x86.Build.0 = Release|x86
		{6439C3F1-5B14-4D8E-BF97-61A5E55FC87D}.Release|x86.ActiveCfg = Release|x86
	EndGlobalSection
EndGlobal
